// !$*UTF8*$!
{
	archiveVersion = 1;
	classes = {
	};
	objectVersion = 46;
	objects = {

/* Begin PBXBuildFile section */
		5D65781F8220F6A87C1946EE /* libPods-BoxPress.a in Frameworks */ = {isa = PBXBuildFile; fileRef = 9D00E8AD893585A26BB63B03 /* libPods-BoxPress.a */; };
		E31C480A1C6F924B00520AE1 /* StoryboardInstantiable.swift in Sources */ = {isa = PBXBuildFile; fileRef = E31C48091C6F924B00520AE1 /* StoryboardInstantiable.swift */; };
		E31C480D1C6F93F000520AE1 /* MovieViewController.swift in Sources */ = {isa = PBXBuildFile; fileRef = E31C480C1C6F93F000520AE1 /* MovieViewController.swift */; };
		E31C480F1C6F941000520AE1 /* MovieViewControllerFor3DTouch.storyboard in Resources */ = {isa = PBXBuildFile; fileRef = E31C480E1C6F941000520AE1 /* MovieViewControllerFor3DTouch.storyboard */; };
		E3396F041CB6263E001312CD /* MovieViewControllerForNon3DTouch.swift in Sources */ = {isa = PBXBuildFile; fileRef = E3396F031CB6263E001312CD /* MovieViewControllerForNon3DTouch.swift */; };
		E3396F061CB6266E001312CD /* MovieViewForNon3DTouchViewModel.swift in Sources */ = {isa = PBXBuildFile; fileRef = E3396F051CB6266E001312CD /* MovieViewForNon3DTouchViewModel.swift */; };
		E3396F081CB626C2001312CD /* Stopwatch.swift in Sources */ = {isa = PBXBuildFile; fileRef = E3396F071CB626C2001312CD /* Stopwatch.swift */; };
		E34E134F1C99A06100BA16B6 /* MovieOrientation.swift in Sources */ = {isa = PBXBuildFile; fileRef = E34E134E1C99A06100BA16B6 /* MovieOrientation.swift */; };
		E34E13531C99AC5100BA16B6 /* UIImage+Rotation.swift in Sources */ = {isa = PBXBuildFile; fileRef = E34E13521C99AC5100BA16B6 /* UIImage+Rotation.swift */; };
		E354290B1CA65017005837F9 /* MoviesCollectionViewDataSource.swift in Sources */ = {isa = PBXBuildFile; fileRef = E354290A1CA65017005837F9 /* MoviesCollectionViewDataSource.swift */; };
		E354290D1CA6502E005837F9 /* MovieCellViewModel.swift in Sources */ = {isa = PBXBuildFile; fileRef = E354290C1CA6502E005837F9 /* MovieCellViewModel.swift */; };
		E35429111CA6555A005837F9 /* MovieType.swift in Sources */ = {isa = PBXBuildFile; fileRef = E35429101CA6555A005837F9 /* MovieType.swift */; };
		E35429131CA655A7005837F9 /* FrameExportableMovieType.swift in Sources */ = {isa = PBXBuildFile; fileRef = E35429121CA655A7005837F9 /* FrameExportableMovieType.swift */; };
		E35429151CA65859005837F9 /* MovieCell.swift in Sources */ = {isa = PBXBuildFile; fileRef = E35429141CA65859005837F9 /* MovieCell.swift */; };
		E35923AD1CA0126E00704396 /* CALayerExtension.swift in Sources */ = {isa = PBXBuildFile; fileRef = E35923AC1CA0126E00704396 /* CALayerExtension.swift */; };
		E35923B11CA014A300704396 /* ImageMaskLayer.swift in Sources */ = {isa = PBXBuildFile; fileRef = E35923B01CA014A300704396 /* ImageMaskLayer.swift */; };
		E35923B51CA017AB00704396 /* MovieViewViewModelType.swift in Sources */ = {isa = PBXBuildFile; fileRef = E35923B41CA017AB00704396 /* MovieViewViewModelType.swift */; };
		E3735E7E1C65EB4300EB262A /* AppDelegate.swift in Sources */ = {isa = PBXBuildFile; fileRef = E3735E7D1C65EB4300EB262A /* AppDelegate.swift */; };
		E3735E831C65EB4300EB262A /* MoviesViewController.storyboard in Resources */ = {isa = PBXBuildFile; fileRef = E3735E811C65EB4300EB262A /* MoviesViewController.storyboard */; };
		E3735E851C65EB4300EB262A /* Assets.xcassets in Resources */ = {isa = PBXBuildFile; fileRef = E3735E841C65EB4300EB262A /* Assets.xcassets */; };
		E3735E881C65EB4300EB262A /* LaunchScreen.storyboard in Resources */ = {isa = PBXBuildFile; fileRef = E3735E861C65EB4300EB262A /* LaunchScreen.storyboard */; };
		E3735E931C65EB4300EB262A /* BoxPressTests.swift in Sources */ = {isa = PBXBuildFile; fileRef = E3735E921C65EB4300EB262A /* BoxPressTests.swift */; };
		E3735E9E1C65EB4300EB262A /* BoxPressUITests.swift in Sources */ = {isa = PBXBuildFile; fileRef = E3735E9D1C65EB4300EB262A /* BoxPressUITests.swift */; };
		E3750E311CBA2A6B008CD1FF /* MovieViewControllerForNon3DTouch.storyboard in Resources */ = {isa = PBXBuildFile; fileRef = E3750E301CBA2A6B008CD1FF /* MovieViewControllerForNon3DTouch.storyboard */; };
		E376C1091CB2AF22000139B2 /* MovieFrameLayer.swift in Sources */ = {isa = PBXBuildFile; fileRef = E376C1081CB2AF22000139B2 /* MovieFrameLayer.swift */; };
		E37ADA8B1C9D31E000C42055 /* Movie.swift in Sources */ = {isa = PBXBuildFile; fileRef = E37ADA8A1C9D31E000C42055 /* Movie.swift */; };
		E37ADA8D1C9D324D00C42055 /* MovieFrameOrder.swift in Sources */ = {isa = PBXBuildFile; fileRef = E37ADA8C1C9D324D00C42055 /* MovieFrameOrder.swift */; };
		E37DDA471D329651000B3A0D /* InfoViewController.storyboard in Resources */ = {isa = PBXBuildFile; fileRef = E37DDA461D329651000B3A0D /* InfoViewController.storyboard */; };
		E37DDA491D329666000B3A0D /* InfoViewController.swift in Sources */ = {isa = PBXBuildFile; fileRef = E37DDA481D329666000B3A0D /* InfoViewController.swift */; };
		E383E3D51CACE6ED00B6482D /* MovieFrameLayerViewModel.swift in Sources */ = {isa = PBXBuildFile; fileRef = E383E3D41CACE6ED00B6482D /* MovieFrameLayerViewModel.swift */; };
		E38EA3E31CAC382200A9D34F /* Hole.swift in Sources */ = {isa = PBXBuildFile; fileRef = E38EA3E21CAC382200A9D34F /* Hole.swift */; };
		E3D667071CB411DD009080C1 /* MovieViewControllerFor3DTouch.swift in Sources */ = {isa = PBXBuildFile; fileRef = E3D667061CB411DD009080C1 /* MovieViewControllerFor3DTouch.swift */; };
		E3D667091CB41403009080C1 /* MovieViewFor3DTouchViewModel.swift in Sources */ = {isa = PBXBuildFile; fileRef = E3D667081CB41403009080C1 /* MovieViewFor3DTouchViewModel.swift */; };
		E3DB30101C67617400EC5F7C /* MoviesViewController.swift in Sources */ = {isa = PBXBuildFile; fileRef = E3DB300F1C67617400EC5F7C /* MoviesViewController.swift */; };
/* End PBXBuildFile section */

/* Begin PBXContainerItemProxy section */
		E3735E8F1C65EB4300EB262A /* PBXContainerItemProxy */ = {
			isa = PBXContainerItemProxy;
			containerPortal = E3735E721C65EB4300EB262A /* Project object */;
			proxyType = 1;
			remoteGlobalIDString = E3735E791C65EB4300EB262A;
			remoteInfo = BoxPress;
		};
		E3735E9A1C65EB4300EB262A /* PBXContainerItemProxy */ = {
			isa = PBXContainerItemProxy;
			containerPortal = E3735E721C65EB4300EB262A /* Project object */;
			proxyType = 1;
			remoteGlobalIDString = E3735E791C65EB4300EB262A;
			remoteInfo = BoxPress;
		};
/* End PBXContainerItemProxy section */

/* Begin PBXFileReference section */
		5E5ABBAC30B2D26FDD939E04 /* Pods-BoxPress.release.xcconfig */ = {isa = PBXFileReference; includeInIndex = 1; lastKnownFileType = text.xcconfig; name = "Pods-BoxPress.release.xcconfig"; path = "Pods/Target Support Files/Pods-BoxPress/Pods-BoxPress.release.xcconfig"; sourceTree = "<group>"; };
		7A452B3E581ADE91C561A847 /* Pods-BoxPress.debug.xcconfig */ = {isa = PBXFileReference; includeInIndex = 1; lastKnownFileType = text.xcconfig; name = "Pods-BoxPress.debug.xcconfig"; path = "Pods/Target Support Files/Pods-BoxPress/Pods-BoxPress.debug.xcconfig"; sourceTree = "<group>"; };
		9D00E8AD893585A26BB63B03 /* libPods-BoxPress.a */ = {isa = PBXFileReference; explicitFileType = archive.ar; includeInIndex = 0; path = "libPods-BoxPress.a"; sourceTree = BUILT_PRODUCTS_DIR; };
		E31C48091C6F924B00520AE1 /* StoryboardInstantiable.swift */ = {isa = PBXFileReference; fileEncoding = 4; lastKnownFileType = sourcecode.swift; path = StoryboardInstantiable.swift; sourceTree = "<group>"; };
		E31C480C1C6F93F000520AE1 /* MovieViewController.swift */ = {isa = PBXFileReference; fileEncoding = 4; lastKnownFileType = sourcecode.swift; path = MovieViewController.swift; sourceTree = "<group>"; };
		E31C480E1C6F941000520AE1 /* MovieViewControllerFor3DTouch.storyboard */ = {isa = PBXFileReference; fileEncoding = 4; lastKnownFileType = file.storyboard; path = MovieViewControllerFor3DTouch.storyboard; sourceTree = "<group>"; };
		E3396F031CB6263E001312CD /* MovieViewControllerForNon3DTouch.swift */ = {isa = PBXFileReference; fileEncoding = 4; lastKnownFileType = sourcecode.swift; path = MovieViewControllerForNon3DTouch.swift; sourceTree = "<group>"; };
		E3396F051CB6266E001312CD /* MovieViewForNon3DTouchViewModel.swift */ = {isa = PBXFileReference; fileEncoding = 4; lastKnownFileType = sourcecode.swift; path = MovieViewForNon3DTouchViewModel.swift; sourceTree = "<group>"; };
		E3396F071CB626C2001312CD /* Stopwatch.swift */ = {isa = PBXFileReference; fileEncoding = 4; lastKnownFileType = sourcecode.swift; path = Stopwatch.swift; sourceTree = "<group>"; };
		E34E134E1C99A06100BA16B6 /* MovieOrientation.swift */ = {isa = PBXFileReference; fileEncoding = 4; lastKnownFileType = sourcecode.swift; path = MovieOrientation.swift; sourceTree = "<group>"; };
		E34E13521C99AC5100BA16B6 /* UIImage+Rotation.swift */ = {isa = PBXFileReference; fileEncoding = 4; lastKnownFileType = sourcecode.swift; path = "UIImage+Rotation.swift"; sourceTree = "<group>"; };
		E354290A1CA65017005837F9 /* MoviesCollectionViewDataSource.swift */ = {isa = PBXFileReference; fileEncoding = 4; lastKnownFileType = sourcecode.swift; path = MoviesCollectionViewDataSource.swift; sourceTree = "<group>"; };
		E354290C1CA6502E005837F9 /* MovieCellViewModel.swift */ = {isa = PBXFileReference; fileEncoding = 4; lastKnownFileType = sourcecode.swift; path = MovieCellViewModel.swift; sourceTree = "<group>"; };
		E35429101CA6555A005837F9 /* MovieType.swift */ = {isa = PBXFileReference; fileEncoding = 4; lastKnownFileType = sourcecode.swift; path = MovieType.swift; sourceTree = "<group>"; };
		E35429121CA655A7005837F9 /* FrameExportableMovieType.swift */ = {isa = PBXFileReference; fileEncoding = 4; lastKnownFileType = sourcecode.swift; path = FrameExportableMovieType.swift; sourceTree = "<group>"; };
		E35429141CA65859005837F9 /* MovieCell.swift */ = {isa = PBXFileReference; fileEncoding = 4; lastKnownFileType = sourcecode.swift; path = MovieCell.swift; sourceTree = "<group>"; };
		E35923AC1CA0126E00704396 /* CALayerExtension.swift */ = {isa = PBXFileReference; fileEncoding = 4; lastKnownFileType = sourcecode.swift; path = CALayerExtension.swift; sourceTree = "<group>"; };
		E35923B01CA014A300704396 /* ImageMaskLayer.swift */ = {isa = PBXFileReference; fileEncoding = 4; lastKnownFileType = sourcecode.swift; path = ImageMaskLayer.swift; sourceTree = "<group>"; };
		E35923B41CA017AB00704396 /* MovieViewViewModelType.swift */ = {isa = PBXFileReference; fileEncoding = 4; lastKnownFileType = sourcecode.swift; path = MovieViewViewModelType.swift; sourceTree = "<group>"; };
		E3735E7A1C65EB4300EB262A /* BoxPress.app */ = {isa = PBXFileReference; explicitFileType = wrapper.application; includeInIndex = 0; path = BoxPress.app; sourceTree = BUILT_PRODUCTS_DIR; };
		E3735E7D1C65EB4300EB262A /* AppDelegate.swift */ = {isa = PBXFileReference; lastKnownFileType = sourcecode.swift; path = AppDelegate.swift; sourceTree = "<group>"; };
		E3735E821C65EB4300EB262A /* Base */ = {isa = PBXFileReference; lastKnownFileType = file.storyboard; name = Base; path = Base.lproj/MoviesViewController.storyboard; sourceTree = "<group>"; };
		E3735E841C65EB4300EB262A /* Assets.xcassets */ = {isa = PBXFileReference; lastKnownFileType = folder.assetcatalog; path = Assets.xcassets; sourceTree = "<group>"; };
		E3735E871C65EB4300EB262A /* Base */ = {isa = PBXFileReference; lastKnownFileType = file.storyboard; name = Base; path = Base.lproj/LaunchScreen.storyboard; sourceTree = "<group>"; };
		E3735E891C65EB4300EB262A /* Info.plist */ = {isa = PBXFileReference; lastKnownFileType = text.plist.xml; path = Info.plist; sourceTree = "<group>"; };
		E3735E8E1C65EB4300EB262A /* BoxPressTests.xctest */ = {isa = PBXFileReference; explicitFileType = wrapper.cfbundle; includeInIndex = 0; path = BoxPressTests.xctest; sourceTree = BUILT_PRODUCTS_DIR; };
		E3735E921C65EB4300EB262A /* BoxPressTests.swift */ = {isa = PBXFileReference; lastKnownFileType = sourcecode.swift; path = BoxPressTests.swift; sourceTree = "<group>"; };
		E3735E941C65EB4300EB262A /* Info.plist */ = {isa = PBXFileReference; lastKnownFileType = text.plist.xml; path = Info.plist; sourceTree = "<group>"; };
		E3735E991C65EB4300EB262A /* BoxPressUITests.xctest */ = {isa = PBXFileReference; explicitFileType = wrapper.cfbundle; includeInIndex = 0; path = BoxPressUITests.xctest; sourceTree = BUILT_PRODUCTS_DIR; };
		E3735E9D1C65EB4300EB262A /* BoxPressUITests.swift */ = {isa = PBXFileReference; lastKnownFileType = sourcecode.swift; path = BoxPressUITests.swift; sourceTree = "<group>"; };
		E3735E9F1C65EB4300EB262A /* Info.plist */ = {isa = PBXFileReference; lastKnownFileType = text.plist.xml; path = Info.plist; sourceTree = "<group>"; };
		E3750E301CBA2A6B008CD1FF /* MovieViewControllerForNon3DTouch.storyboard */ = {isa = PBXFileReference; fileEncoding = 4; lastKnownFileType = file.storyboard; path = MovieViewControllerForNon3DTouch.storyboard; sourceTree = "<group>"; };
		E376C1081CB2AF22000139B2 /* MovieFrameLayer.swift */ = {isa = PBXFileReference; fileEncoding = 4; lastKnownFileType = sourcecode.swift; path = MovieFrameLayer.swift; sourceTree = "<group>"; };
		E37ADA8A1C9D31E000C42055 /* Movie.swift */ = {isa = PBXFileReference; fileEncoding = 4; lastKnownFileType = sourcecode.swift; path = Movie.swift; sourceTree = "<group>"; };
		E37ADA8C1C9D324D00C42055 /* MovieFrameOrder.swift */ = {isa = PBXFileReference; fileEncoding = 4; lastKnownFileType = sourcecode.swift; path = MovieFrameOrder.swift; sourceTree = "<group>"; };
		E37DDA461D329651000B3A0D /* InfoViewController.storyboard */ = {isa = PBXFileReference; fileEncoding = 4; lastKnownFileType = file.storyboard; path = InfoViewController.storyboard; sourceTree = "<group>"; };
		E37DDA481D329666000B3A0D /* InfoViewController.swift */ = {isa = PBXFileReference; fileEncoding = 4; lastKnownFileType = sourcecode.swift; path = InfoViewController.swift; sourceTree = "<group>"; };
		E383E3D41CACE6ED00B6482D /* MovieFrameLayerViewModel.swift */ = {isa = PBXFileReference; fileEncoding = 4; lastKnownFileType = sourcecode.swift; path = MovieFrameLayerViewModel.swift; sourceTree = "<group>"; };
		E38EA3E21CAC382200A9D34F /* Hole.swift */ = {isa = PBXFileReference; fileEncoding = 4; lastKnownFileType = sourcecode.swift; path = Hole.swift; sourceTree = "<group>"; };
		E3D667061CB411DD009080C1 /* MovieViewControllerFor3DTouch.swift */ = {isa = PBXFileReference; fileEncoding = 4; lastKnownFileType = sourcecode.swift; path = MovieViewControllerFor3DTouch.swift; sourceTree = "<group>"; };
		E3D667081CB41403009080C1 /* MovieViewFor3DTouchViewModel.swift */ = {isa = PBXFileReference; fileEncoding = 4; lastKnownFileType = sourcecode.swift; path = MovieViewFor3DTouchViewModel.swift; sourceTree = "<group>"; };
		E3DB300F1C67617400EC5F7C /* MoviesViewController.swift */ = {isa = PBXFileReference; fileEncoding = 4; lastKnownFileType = sourcecode.swift; path = MoviesViewController.swift; sourceTree = "<group>"; };
/* End PBXFileReference section */

/* Begin PBXFrameworksBuildPhase section */
		E3735E771C65EB4300EB262A /* Frameworks */ = {
			isa = PBXFrameworksBuildPhase;
			buildActionMask = 2147483647;
			files = (
				5D65781F8220F6A87C1946EE /* libPods-BoxPress.a in Frameworks */,
			);
			runOnlyForDeploymentPostprocessing = 0;
		};
		E3735E8B1C65EB4300EB262A /* Frameworks */ = {
			isa = PBXFrameworksBuildPhase;
			buildActionMask = 2147483647;
			files = (
			);
			runOnlyForDeploymentPostprocessing = 0;
		};
		E3735E961C65EB4300EB262A /* Frameworks */ = {
			isa = PBXFrameworksBuildPhase;
			buildActionMask = 2147483647;
			files = (
			);
			runOnlyForDeploymentPostprocessing = 0;
		};
/* End PBXFrameworksBuildPhase section */

/* Begin PBXGroup section */
		B5B944CDDF1D68FC2F64D041 /* Pods */ = {
			isa = PBXGroup;
			children = (
				7A452B3E581ADE91C561A847 /* Pods-BoxPress.debug.xcconfig */,
				5E5ABBAC30B2D26FDD939E04 /* Pods-BoxPress.release.xcconfig */,
			);
			name = Pods;
			sourceTree = "<group>";
		};
		BFA84178B4F9E64A3E3897A4 /* Frameworks */ = {
			isa = PBXGroup;
			children = (
				9D00E8AD893585A26BB63B03 /* libPods-BoxPress.a */,
			);
			name = Frameworks;
			sourceTree = "<group>";
		};
		E31C48061C6F8FAF00520AE1 /* Views */ = {
			isa = PBXGroup;
			children = (
				E31C48071C6F8FBC00520AE1 /* Movies */,
				E31C480B1C6F93DD00520AE1 /* Movie */,
				E37DDA451D32959E000B3A0D /* Info */,
			);
			name = Views;
			sourceTree = "<group>";
		};
		E31C48071C6F8FBC00520AE1 /* Movies */ = {
			isa = PBXGroup;
			children = (
				E3735E811C65EB4300EB262A /* MoviesViewController.storyboard */,
				E3DB300F1C67617400EC5F7C /* MoviesViewController.swift */,
				E354290A1CA65017005837F9 /* MoviesCollectionViewDataSource.swift */,
				E35429141CA65859005837F9 /* MovieCell.swift */,
			);
			name = Movies;
			sourceTree = "<group>";
		};
		E31C48081C6F923D00520AE1 /* Utilities */ = {
			isa = PBXGroup;
			children = (
				E31C48091C6F924B00520AE1 /* StoryboardInstantiable.swift */,
				E34E13521C99AC5100BA16B6 /* UIImage+Rotation.swift */,
				E35923AC1CA0126E00704396 /* CALayerExtension.swift */,
			);
			name = Utilities;
			sourceTree = "<group>";
		};
		E31C480B1C6F93DD00520AE1 /* Movie */ = {
			isa = PBXGroup;
			children = (
				E31C480C1C6F93F000520AE1 /* MovieViewController.swift */,
				E31C480E1C6F941000520AE1 /* MovieViewControllerFor3DTouch.storyboard */,
				E3D667061CB411DD009080C1 /* MovieViewControllerFor3DTouch.swift */,
				E3750E301CBA2A6B008CD1FF /* MovieViewControllerForNon3DTouch.storyboard */,
				E3396F031CB6263E001312CD /* MovieViewControllerForNon3DTouch.swift */,
				E376C1081CB2AF22000139B2 /* MovieFrameLayer.swift */,
				E35923B01CA014A300704396 /* ImageMaskLayer.swift */,
			);
			name = Movie;
			sourceTree = "<group>";
		};
		E339F92A1CB37D0000251595 /* MovieView */ = {
			isa = PBXGroup;
			children = (
				E35923B41CA017AB00704396 /* MovieViewViewModelType.swift */,
				E3D667081CB41403009080C1 /* MovieViewFor3DTouchViewModel.swift */,
				E3396F051CB6266E001312CD /* MovieViewForNon3DTouchViewModel.swift */,
				E383E3D41CACE6ED00B6482D /* MovieFrameLayerViewModel.swift */,
				E38EA3E21CAC382200A9D34F /* Hole.swift */,
				E3396F071CB626C2001312CD /* Stopwatch.swift */,
			);
			name = MovieView;
			sourceTree = "<group>";
		};
		E339F92B1CB37D0A00251595 /* MovieCell */ = {
			isa = PBXGroup;
			children = (
				E354290C1CA6502E005837F9 /* MovieCellViewModel.swift */,
			);
			name = MovieCell;
			sourceTree = "<group>";
		};
		E35923B21CA0177C00704396 /* ViewModels */ = {
			isa = PBXGroup;
			children = (
				E35923B31CA017A000704396 /* Movie */,
			);
			name = ViewModels;
			sourceTree = "<group>";
		};
		E35923B31CA017A000704396 /* Movie */ = {
			isa = PBXGroup;
			children = (
				E339F92A1CB37D0000251595 /* MovieView */,
				E339F92B1CB37D0A00251595 /* MovieCell */,
			);
			name = Movie;
			sourceTree = "<group>";
		};
		E3735E711C65EB4300EB262A = {
			isa = PBXGroup;
			children = (
				E3735E7C1C65EB4300EB262A /* BoxPress */,
				E3735E911C65EB4300EB262A /* BoxPressTests */,
				E3735E9C1C65EB4300EB262A /* BoxPressUITests */,
				E3735E7B1C65EB4300EB262A /* Products */,
				B5B944CDDF1D68FC2F64D041 /* Pods */,
				BFA84178B4F9E64A3E3897A4 /* Frameworks */,
			);
			sourceTree = "<group>";
		};
		E3735E7B1C65EB4300EB262A /* Products */ = {
			isa = PBXGroup;
			children = (
				E3735E7A1C65EB4300EB262A /* BoxPress.app */,
				E3735E8E1C65EB4300EB262A /* BoxPressTests.xctest */,
				E3735E991C65EB4300EB262A /* BoxPressUITests.xctest */,
			);
			name = Products;
			sourceTree = "<group>";
		};
		E3735E7C1C65EB4300EB262A /* BoxPress */ = {
			isa = PBXGroup;
			children = (
				E3735E7D1C65EB4300EB262A /* AppDelegate.swift */,
				E31C48061C6F8FAF00520AE1 /* Views */,
				E35923B21CA0177C00704396 /* ViewModels */,
				E37ADA891C9D31B700C42055 /* Models */,
				E31C48081C6F923D00520AE1 /* Utilities */,
				E3735E841C65EB4300EB262A /* Assets.xcassets */,
				E3735E861C65EB4300EB262A /* LaunchScreen.storyboard */,
				E3735E891C65EB4300EB262A /* Info.plist */,
			);
			path = BoxPress;
			sourceTree = "<group>";
		};
		E3735E911C65EB4300EB262A /* BoxPressTests */ = {
			isa = PBXGroup;
			children = (
				E3735E921C65EB4300EB262A /* BoxPressTests.swift */,
				E3735E941C65EB4300EB262A /* Info.plist */,
			);
			path = BoxPressTests;
			sourceTree = "<group>";
		};
		E3735E9C1C65EB4300EB262A /* BoxPressUITests */ = {
			isa = PBXGroup;
			children = (
				E3735E9D1C65EB4300EB262A /* BoxPressUITests.swift */,
				E3735E9F1C65EB4300EB262A /* Info.plist */,
			);
			path = BoxPressUITests;
			sourceTree = "<group>";
		};
		E37ADA891C9D31B700C42055 /* Models */ = {
			isa = PBXGroup;
			children = (
				E37ADA8E1C9D329800C42055 /* Movie */,
			);
			name = Models;
			sourceTree = "<group>";
		};
		E37ADA8E1C9D329800C42055 /* Movie */ = {
			isa = PBXGroup;
			children = (
				E37ADA8A1C9D31E000C42055 /* Movie.swift */,
				E35429101CA6555A005837F9 /* MovieType.swift */,
				E35429121CA655A7005837F9 /* FrameExportableMovieType.swift */,
				E37ADA8C1C9D324D00C42055 /* MovieFrameOrder.swift */,
				E34E134E1C99A06100BA16B6 /* MovieOrientation.swift */,
			);
			name = Movie;
			sourceTree = "<group>";
		};
		E37DDA451D32959E000B3A0D /* Info */ = {
			isa = PBXGroup;
			children = (
				E37DDA461D329651000B3A0D /* InfoViewController.storyboard */,
				E37DDA481D329666000B3A0D /* InfoViewController.swift */,
			);
			name = Info;
			sourceTree = "<group>";
		};
/* End PBXGroup section */

/* Begin PBXNativeTarget section */
		E3735E791C65EB4300EB262A /* BoxPress */ = {
			isa = PBXNativeTarget;
			buildConfigurationList = E3735EA21C65EB4300EB262A /* Build configuration list for PBXNativeTarget "BoxPress" */;
			buildPhases = (
				2B2B59FF08409D87EC184A9B /* Check Pods Manifest.lock */,
				E3735E761C65EB4300EB262A /* Sources */,
				E3735E771C65EB4300EB262A /* Frameworks */,
				E3735E781C65EB4300EB262A /* Resources */,
				B06C53DC3F28520A2E1858A9 /* Copy Pods Resources */,
			);
			buildRules = (
			);
			dependencies = (
			);
			name = BoxPress;
			productName = BoxPress;
			productReference = E3735E7A1C65EB4300EB262A /* BoxPress.app */;
			productType = "com.apple.product-type.application";
		};
		E3735E8D1C65EB4300EB262A /* BoxPressTests */ = {
			isa = PBXNativeTarget;
			buildConfigurationList = E3735EA51C65EB4300EB262A /* Build configuration list for PBXNativeTarget "BoxPressTests" */;
			buildPhases = (
				E3735E8A1C65EB4300EB262A /* Sources */,
				E3735E8B1C65EB4300EB262A /* Frameworks */,
				E3735E8C1C65EB4300EB262A /* Resources */,
			);
			buildRules = (
			);
			dependencies = (
				E3735E901C65EB4300EB262A /* PBXTargetDependency */,
			);
			name = BoxPressTests;
			productName = BoxPressTests;
			productReference = E3735E8E1C65EB4300EB262A /* BoxPressTests.xctest */;
			productType = "com.apple.product-type.bundle.unit-test";
		};
		E3735E981C65EB4300EB262A /* BoxPressUITests */ = {
			isa = PBXNativeTarget;
			buildConfigurationList = E3735EA81C65EB4300EB262A /* Build configuration list for PBXNativeTarget "BoxPressUITests" */;
			buildPhases = (
				E3735E951C65EB4300EB262A /* Sources */,
				E3735E961C65EB4300EB262A /* Frameworks */,
				E3735E971C65EB4300EB262A /* Resources */,
			);
			buildRules = (
			);
			dependencies = (
				E3735E9B1C65EB4300EB262A /* PBXTargetDependency */,
			);
			name = BoxPressUITests;
			productName = BoxPressUITests;
			productReference = E3735E991C65EB4300EB262A /* BoxPressUITests.xctest */;
			productType = "com.apple.product-type.bundle.ui-testing";
		};
/* End PBXNativeTarget section */

/* Begin PBXProject section */
		E3735E721C65EB4300EB262A /* Project object */ = {
			isa = PBXProject;
			attributes = {
				LastSwiftUpdateCheck = 0720;
				LastUpgradeCheck = 0720;
				ORGANIZATIONNAME = "Yoshikuni Kato";
				TargetAttributes = {
					E3735E791C65EB4300EB262A = {
						CreatedOnToolsVersion = 7.2;
						DevelopmentTeam = 4DNR887AL8;
					};
					E3735E8D1C65EB4300EB262A = {
						CreatedOnToolsVersion = 7.2;
						TestTargetID = E3735E791C65EB4300EB262A;
					};
					E3735E981C65EB4300EB262A = {
						CreatedOnToolsVersion = 7.2;
						TestTargetID = E3735E791C65EB4300EB262A;
					};
				};
			};
			buildConfigurationList = E3735E751C65EB4300EB262A /* Build configuration list for PBXProject "BoxPress" */;
			compatibilityVersion = "Xcode 3.2";
			developmentRegion = English;
			hasScannedForEncodings = 0;
			knownRegions = (
				en,
				Base,
			);
			mainGroup = E3735E711C65EB4300EB262A;
			productRefGroup = E3735E7B1C65EB4300EB262A /* Products */;
			projectDirPath = "";
			projectRoot = "";
			targets = (
				E3735E791C65EB4300EB262A /* BoxPress */,
				E3735E8D1C65EB4300EB262A /* BoxPressTests */,
				E3735E981C65EB4300EB262A /* BoxPressUITests */,
			);
		};
/* End PBXProject section */

/* Begin PBXResourcesBuildPhase section */
		E3735E781C65EB4300EB262A /* Resources */ = {
			isa = PBXResourcesBuildPhase;
			buildActionMask = 2147483647;
			files = (
				E3750E311CBA2A6B008CD1FF /* MovieViewControllerForNon3DTouch.storyboard in Resources */,
				E3735E881C65EB4300EB262A /* LaunchScreen.storyboard in Resources */,
				E31C480F1C6F941000520AE1 /* MovieViewControllerFor3DTouch.storyboard in Resources */,
				E37DDA471D329651000B3A0D /* InfoViewController.storyboard in Resources */,
				E3735E851C65EB4300EB262A /* Assets.xcassets in Resources */,
				E3735E831C65EB4300EB262A /* MoviesViewController.storyboard in Resources */,
			);
			runOnlyForDeploymentPostprocessing = 0;
		};
		E3735E8C1C65EB4300EB262A /* Resources */ = {
			isa = PBXResourcesBuildPhase;
			buildActionMask = 2147483647;
			files = (
			);
			runOnlyForDeploymentPostprocessing = 0;
		};
		E3735E971C65EB4300EB262A /* Resources */ = {
			isa = PBXResourcesBuildPhase;
			buildActionMask = 2147483647;
			files = (
			);
			runOnlyForDeploymentPostprocessing = 0;
		};
/* End PBXResourcesBuildPhase section */

/* Begin PBXShellScriptBuildPhase section */
		2B2B59FF08409D87EC184A9B /* Check Pods Manifest.lock */ = {
			isa = PBXShellScriptBuildPhase;
			buildActionMask = 2147483647;
			files = (
			);
			inputPaths = (
			);
			name = "Check Pods Manifest.lock";
			outputPaths = (
			);
			runOnlyForDeploymentPostprocessing = 0;
			shellPath = /bin/sh;
			shellScript = "diff \"${PODS_ROOT}/../Podfile.lock\" \"${PODS_ROOT}/Manifest.lock\" > /dev/null\nif [[ $? != 0 ]] ; then\n    cat << EOM\nerror: The sandbox is not in sync with the Podfile.lock. Run 'pod install' or update your CocoaPods installation.\nEOM\n    exit 1\nfi\n";
			showEnvVarsInLog = 0;
		};
		B06C53DC3F28520A2E1858A9 /* Copy Pods Resources */ = {
			isa = PBXShellScriptBuildPhase;
			buildActionMask = 2147483647;
			files = (
			);
			inputPaths = (
			);
			name = "Copy Pods Resources";
			outputPaths = (
			);
			runOnlyForDeploymentPostprocessing = 0;
			shellPath = /bin/sh;
			shellScript = "\"${SRCROOT}/Pods/Target Support Files/Pods-BoxPress/Pods-BoxPress-resources.sh\"\n";
			showEnvVarsInLog = 0;
		};
/* End PBXShellScriptBuildPhase section */

/* Begin PBXSourcesBuildPhase section */
		E3735E761C65EB4300EB262A /* Sources */ = {
			isa = PBXSourcesBuildPhase;
			buildActionMask = 2147483647;
			files = (
				E3396F061CB6266E001312CD /* MovieViewForNon3DTouchViewModel.swift in Sources */,
				E3396F081CB626C2001312CD /* Stopwatch.swift in Sources */,
				E35429151CA65859005837F9 /* MovieCell.swift in Sources */,
				E3D667071CB411DD009080C1 /* MovieViewControllerFor3DTouch.swift in Sources */,
				E37DDA491D329666000B3A0D /* InfoViewController.swift in Sources */,
				E38EA3E31CAC382200A9D34F /* Hole.swift in Sources */,
				E3D667091CB41403009080C1 /* MovieViewFor3DTouchViewModel.swift in Sources */,
				E35429111CA6555A005837F9 /* MovieType.swift in Sources */,
				E31C480A1C6F924B00520AE1 /* StoryboardInstantiable.swift in Sources */,
				E3396F041CB6263E001312CD /* MovieViewControllerForNon3DTouch.swift in Sources */,
				E37ADA8B1C9D31E000C42055 /* Movie.swift in Sources */,
				E37ADA8D1C9D324D00C42055 /* MovieFrameOrder.swift in Sources */,
				E34E13531C99AC5100BA16B6 /* UIImage+Rotation.swift in Sources */,
				E35429131CA655A7005837F9 /* FrameExportableMovieType.swift in Sources */,
				E354290D1CA6502E005837F9 /* MovieCellViewModel.swift in Sources */,
				E3DB30101C67617400EC5F7C /* MoviesViewController.swift in Sources */,
				E3735E7E1C65EB4300EB262A /* AppDelegate.swift in Sources */,
				E31C480D1C6F93F000520AE1 /* MovieViewController.swift in Sources */,
				E35923B11CA014A300704396 /* ImageMaskLayer.swift in Sources */,
				E354290B1CA65017005837F9 /* MoviesCollectionViewDataSource.swift in Sources */,
				E383E3D51CACE6ED00B6482D /* MovieFrameLayerViewModel.swift in Sources */,
				E376C1091CB2AF22000139B2 /* MovieFrameLayer.swift in Sources */,
				E35923B51CA017AB00704396 /* MovieViewViewModelType.swift in Sources */,
				E34E134F1C99A06100BA16B6 /* MovieOrientation.swift in Sources */,
				E35923AD1CA0126E00704396 /* CALayerExtension.swift in Sources */,
			);
			runOnlyForDeploymentPostprocessing = 0;
		};
		E3735E8A1C65EB4300EB262A /* Sources */ = {
			isa = PBXSourcesBuildPhase;
			buildActionMask = 2147483647;
			files = (
				E3735E931C65EB4300EB262A /* BoxPressTests.swift in Sources */,
			);
			runOnlyForDeploymentPostprocessing = 0;
		};
		E3735E951C65EB4300EB262A /* Sources */ = {
			isa = PBXSourcesBuildPhase;
			buildActionMask = 2147483647;
			files = (
				E3735E9E1C65EB4300EB262A /* BoxPressUITests.swift in Sources */,
			);
			runOnlyForDeploymentPostprocessing = 0;
		};
/* End PBXSourcesBuildPhase section */

/* Begin PBXTargetDependency section */
		E3735E901C65EB4300EB262A /* PBXTargetDependency */ = {
			isa = PBXTargetDependency;
			target = E3735E791C65EB4300EB262A /* BoxPress */;
			targetProxy = E3735E8F1C65EB4300EB262A /* PBXContainerItemProxy */;
		};
		E3735E9B1C65EB4300EB262A /* PBXTargetDependency */ = {
			isa = PBXTargetDependency;
			target = E3735E791C65EB4300EB262A /* BoxPress */;
			targetProxy = E3735E9A1C65EB4300EB262A /* PBXContainerItemProxy */;
		};
/* End PBXTargetDependency section */

/* Begin PBXVariantGroup section */
		E3735E811C65EB4300EB262A /* MoviesViewController.storyboard */ = {
			isa = PBXVariantGroup;
			children = (
				E3735E821C65EB4300EB262A /* Base */,
			);
			name = MoviesViewController.storyboard;
			sourceTree = "<group>";
		};
		E3735E861C65EB4300EB262A /* LaunchScreen.storyboard */ = {
			isa = PBXVariantGroup;
			children = (
				E3735E871C65EB4300EB262A /* Base */,
			);
			name = LaunchScreen.storyboard;
			sourceTree = "<group>";
		};
/* End PBXVariantGroup section */

/* Begin XCBuildConfiguration section */
		E3735EA01C65EB4300EB262A /* Debug */ = {
			isa = XCBuildConfiguration;
			buildSettings = {
				ALWAYS_SEARCH_USER_PATHS = NO;
				CLANG_CXX_LANGUAGE_STANDARD = "gnu++0x";
				CLANG_CXX_LIBRARY = "libc++";
				CLANG_ENABLE_MODULES = YES;
				CLANG_ENABLE_OBJC_ARC = YES;
				CLANG_WARN_BOOL_CONVERSION = YES;
				CLANG_WARN_CONSTANT_CONVERSION = YES;
				CLANG_WARN_DIRECT_OBJC_ISA_USAGE = YES_ERROR;
				CLANG_WARN_EMPTY_BODY = YES;
				CLANG_WARN_ENUM_CONVERSION = YES;
				CLANG_WARN_INT_CONVERSION = YES;
				CLANG_WARN_OBJC_ROOT_CLASS = YES_ERROR;
				CLANG_WARN_UNREACHABLE_CODE = YES;
				CLANG_WARN__DUPLICATE_METHOD_MATCH = YES;
				"CODE_SIGN_IDENTITY[sdk=iphoneos*]" = "iPhone Developer";
				COPY_PHASE_STRIP = NO;
				DEBUG_INFORMATION_FORMAT = dwarf;
				ENABLE_STRICT_OBJC_MSGSEND = YES;
				ENABLE_TESTABILITY = YES;
				GCC_C_LANGUAGE_STANDARD = gnu99;
				GCC_DYNAMIC_NO_PIC = NO;
				GCC_NO_COMMON_BLOCKS = YES;
				GCC_OPTIMIZATION_LEVEL = 0;
				GCC_PREPROCESSOR_DEFINITIONS = (
					"DEBUG=1",
					"$(inherited)",
				);
				GCC_WARN_64_TO_32_BIT_CONVERSION = YES;
				GCC_WARN_ABOUT_RETURN_TYPE = YES_ERROR;
				GCC_WARN_UNDECLARED_SELECTOR = YES;
				GCC_WARN_UNINITIALIZED_AUTOS = YES_AGGRESSIVE;
				GCC_WARN_UNUSED_FUNCTION = YES;
				GCC_WARN_UNUSED_VARIABLE = YES;
				IPHONEOS_DEPLOYMENT_TARGET = 9.2;
				MTL_ENABLE_DEBUG_INFO = YES;
				ONLY_ACTIVE_ARCH = YES;
				SDKROOT = iphoneos;
				SWIFT_OPTIMIZATION_LEVEL = "-Onone";
			};
			name = Debug;
		};
		E3735EA11C65EB4300EB262A /* Release */ = {
			isa = XCBuildConfiguration;
			buildSettings = {
				ALWAYS_SEARCH_USER_PATHS = NO;
				CLANG_CXX_LANGUAGE_STANDARD = "gnu++0x";
				CLANG_CXX_LIBRARY = "libc++";
				CLANG_ENABLE_MODULES = YES;
				CLANG_ENABLE_OBJC_ARC = YES;
				CLANG_WARN_BOOL_CONVERSION = YES;
				CLANG_WARN_CONSTANT_CONVERSION = YES;
				CLANG_WARN_DIRECT_OBJC_ISA_USAGE = YES_ERROR;
				CLANG_WARN_EMPTY_BODY = YES;
				CLANG_WARN_ENUM_CONVERSION = YES;
				CLANG_WARN_INT_CONVERSION = YES;
				CLANG_WARN_OBJC_ROOT_CLASS = YES_ERROR;
				CLANG_WARN_UNREACHABLE_CODE = YES;
				CLANG_WARN__DUPLICATE_METHOD_MATCH = YES;
				"CODE_SIGN_IDENTITY[sdk=iphoneos*]" = "iPhone Developer";
				COPY_PHASE_STRIP = NO;
				DEBUG_INFORMATION_FORMAT = "dwarf-with-dsym";
				ENABLE_NS_ASSERTIONS = NO;
				ENABLE_STRICT_OBJC_MSGSEND = YES;
				GCC_C_LANGUAGE_STANDARD = gnu99;
				GCC_NO_COMMON_BLOCKS = YES;
				GCC_WARN_64_TO_32_BIT_CONVERSION = YES;
				GCC_WARN_ABOUT_RETURN_TYPE = YES_ERROR;
				GCC_WARN_UNDECLARED_SELECTOR = YES;
				GCC_WARN_UNINITIALIZED_AUTOS = YES_AGGRESSIVE;
				GCC_WARN_UNUSED_FUNCTION = YES;
				GCC_WARN_UNUSED_VARIABLE = YES;
				IPHONEOS_DEPLOYMENT_TARGET = 9.2;
				MTL_ENABLE_DEBUG_INFO = NO;
				SDKROOT = iphoneos;
				VALIDATE_PRODUCT = YES;
			};
			name = Release;
		};
		E3735EA31C65EB4300EB262A /* Debug */ = {
			isa = XCBuildConfiguration;
			baseConfigurationReference = 7A452B3E581ADE91C561A847 /* Pods-BoxPress.debug.xcconfig */;
			buildSettings = {
				ASSETCATALOG_COMPILER_APPICON_NAME = AppIcon;
				CODE_SIGN_IDENTITY = "iPhone Developer";
				"CODE_SIGN_IDENTITY[sdk=iphoneos*]" = "iPhone Developer";
				INFOPLIST_FILE = BoxPress/Info.plist;
				LD_RUNPATH_SEARCH_PATHS = "$(inherited) @executable_path/Frameworks";
				PRODUCT_BUNDLE_IDENTIFIER = "com.yoshikuni-web.BoxPress";
				PRODUCT_NAME = "$(TARGET_NAME)";
				PROVISIONING_PROFILE = "";
			};
			name = Debug;
		};
		E3735EA41C65EB4300EB262A /* Release */ = {
			isa = XCBuildConfiguration;
			baseConfigurationReference = 5E5ABBAC30B2D26FDD939E04 /* Pods-BoxPress.release.xcconfig */;
			buildSettings = {
				ASSETCATALOG_COMPILER_APPICON_NAME = AppIcon;
				CODE_SIGN_IDENTITY = "iPhone Developer";
				"CODE_SIGN_IDENTITY[sdk=iphoneos*]" = "iPhone Developer";
				INFOPLIST_FILE = BoxPress/Info.plist;
				LD_RUNPATH_SEARCH_PATHS = "$(inherited) @executable_path/Frameworks";
				PRODUCT_BUNDLE_IDENTIFIER = "com.yoshikuni-web.BoxPress";
				PRODUCT_NAME = "$(TARGET_NAME)";
				PROVISIONING_PROFILE = "";
			};
			name = Release;
		};
		E3735EA61C65EB4300EB262A /* Debug */ = {
			isa = XCBuildConfiguration;
			buildSettings = {
				BUNDLE_LOADER = "$(TEST_HOST)";
				INFOPLIST_FILE = BoxPressTests/Info.plist;
				LD_RUNPATH_SEARCH_PATHS = "$(inherited) @executable_path/Frameworks @loader_path/Frameworks";
				PRODUCT_BUNDLE_IDENTIFIER = "com.yoshikuni-web.BoxPressTests";
				PRODUCT_NAME = "$(TARGET_NAME)";
				TEST_HOST = "$(BUILT_PRODUCTS_DIR)/BoxPress.app/BoxPress";
			};
			name = Debug;
		};
		E3735EA71C65EB4300EB262A /* Release */ = {
			isa = XCBuildConfiguration;
			buildSettings = {
				BUNDLE_LOADER = "$(TEST_HOST)";
				INFOPLIST_FILE = BoxPressTests/Info.plist;
				LD_RUNPATH_SEARCH_PATHS = "$(inherited) @executable_path/Frameworks @loader_path/Frameworks";
				PRODUCT_BUNDLE_IDENTIFIER = "com.yoshikuni-web.BoxPressTests";
				PRODUCT_NAME = "$(TARGET_NAME)";
				TEST_HOST = "$(BUILT_PRODUCTS_DIR)/BoxPress.app/BoxPress";
			};
			name = Release;
		};
		E3735EA91C65EB4300EB262A /* Debug */ = {
			isa = XCBuildConfiguration;
			buildSettings = {
				INFOPLIST_FILE = BoxPressUITests/Info.plist;
				LD_RUNPATH_SEARCH_PATHS = "$(inherited) @executable_path/Frameworks @loader_path/Frameworks";
				PRODUCT_BUNDLE_IDENTIFIER = "com.yoshikuni-web.BoxPressUITests";
				PRODUCT_NAME = "$(TARGET_NAME)";
				TEST_TARGET_NAME = BoxPress;
				USES_XCTRUNNER = YES;
			};
			name = Debug;
		};
		E3735EAA1C65EB4300EB262A /* Release */ = {
			isa = XCBuildConfiguration;
			buildSettings = {
				INFOPLIST_FILE = BoxPressUITests/Info.plist;
				LD_RUNPATH_SEARCH_PATHS = "$(inherited) @executable_path/Frameworks @loader_path/Frameworks";
				PRODUCT_BUNDLE_IDENTIFIER = "com.yoshikuni-web.BoxPressUITests";
				PRODUCT_NAME = "$(TARGET_NAME)";
				TEST_TARGET_NAME = BoxPress;
				USES_XCTRUNNER = YES;
			};
			name = Release;
		};
/* End XCBuildConfiguration section */

/* Begin XCConfigurationList section */
		E3735E751C65EB4300EB262A /* Build configuration list for PBXProject "BoxPress" */ = {
			isa = XCConfigurationList;
			buildConfigurations = (
				E3735EA01C65EB4300EB262A /* Debug */,
				E3735EA11C65EB4300EB262A /* Release */,
			);
			defaultConfigurationIsVisible = 0;
			defaultConfigurationName = Release;
		};
		E3735EA21C65EB4300EB262A /* Build configuration list for PBXNativeTarget "BoxPress" */ = {
			isa = XCConfigurationList;
			buildConfigurations = (
				E3735EA31C65EB4300EB262A /* Debug */,
				E3735EA41C65EB4300EB262A /* Release */,
			);
			defaultConfigurationIsVisible = 0;
			defaultConfigurationName = Release;
		};
		E3735EA51C65EB4300EB262A /* Build configuration list for PBXNativeTarget "BoxPressTests" */ = {
			isa = XCConfigurationList;
			buildConfigurations = (
				E3735EA61C65EB4300EB262A /* Debug */,
				E3735EA71C65EB4300EB262A /* Release */,
			);
			defaultConfigurationIsVisible = 0;
			defaultConfigurationName = Release;
		};
		E3735EA81C65EB4300EB262A /* Build configuration list for PBXNativeTarget "BoxPressUITests" */ = {
			isa = XCConfigurationList;
			buildConfigurations = (
				E3735EA91C65EB4300EB262A /* Debug */,
				E3735EAA1C65EB4300EB262A /* Release */,
			);
			defaultConfigurationIsVisible = 0;
			defaultConfigurationName = Release;
		};
/* End XCConfigurationList section */
	};
	rootObject = E3735E721C65EB4300EB262A /* Project object */;
}
